
Microsoft Visual Studio Solution File, Format Version 12.00
# Visual Studio Version 16
VisualStudioVersion = 16.0.31613.86
MinimumVisualStudioVersion = 10.0.40219.1
Project("{FAE04EC0-301F-11D3-BF4B-00C04F79EFBC}") = "EstaparApp", "EstaparApp\EstaparApp.csproj", "{CD75E472-F97C-433B-B191-24D0823CED01}"
EndProject
Global
	GlobalSection(SolutionConfigurationPlatforms) = preSolution
		Debug|Any CPU = Debug|Any CPU
		Release|Any CPU = Release|Any CPU
	EndGlobalSection
	GlobalSection(ProjectConfigurationPlatforms) = postSolution
		{CD75E472-F97C-433B-B191-24D0823CED01}.Debug|Any CPU.ActiveCfg = Debug|Any CPU
		{CD75E472-F97C-433B-B191-24D0823CED01}.Debug|Any CPU.Build.0 = Debug|Any CPU
		{CD75E472-F97C-433B-B191-24D0823CED01}.Release|Any CPU.ActiveCfg = Release|Any CPU
		{CD75E472-F97C-433B-B191-24D0823CED01}.Release|Any CPU.Build.0 = Release|Any CPU
	EndGlobalSection
	GlobalSection(SolutionProperties) = preSolution
		HideSolutionNode = FALSE
	EndGlobalSection
	GlobalSection(ExtensibilityGlobals) = postSolution
		SolutionGuid = {B6275801-7008-49EB-8CFA-B17B15467A0E}
	EndGlobalSection
EndGlobal
